
Microsoft Visual Studio Solution File, Format Version 12.00
# Visual Studio Version 17
VisualStudioVersion = 17.4.33213.308
MinimumVisualStudioVersion = 10.0.40219.1
Project("{FAE04EC0-301F-11D3-BF4B-00C04F79EFBC}") = "CadastoClientes", "CadastoClientes\CadastoClientes.csproj", "{CE5B2345-ED21-46B1-A454-1EEACAB13799}"
EndProject
Global
	GlobalSection(SolutionConfigurationPlatforms) = preSolution
		Debug|Any CPU = Debug|Any CPU
		Release|Any CPU = Release|Any CPU
	EndGlobalSection
	GlobalSection(ProjectConfigurationPlatforms) = postSolution
		{CE5B2345-ED21-46B1-A454-1EEACAB13799}.Debug|Any CPU.ActiveCfg = Debug|Any CPU
		{CE5B2345-ED21-46B1-A454-1EEACAB13799}.Debug|Any CPU.Build.0 = Debug|Any CPU
		{CE5B2345-ED21-46B1-A454-1EEACAB13799}.Release|Any CPU.ActiveCfg = Release|Any CPU
		{CE5B2345-ED21-46B1-A454-1EEACAB13799}.Release|Any CPU.Build.0 = Release|Any CPU
	EndGlobalSection
	GlobalSection(SolutionProperties) = preSolution
		HideSolutionNode = FALSE
	EndGlobalSection
	GlobalSection(ExtensibilityGlobals) = postSolution
		SolutionGuid = {7DF2B6EF-86DB-4CAB-9ED9-F2E097BAD687}
	EndGlobalSection
EndGlobal
